
Microsoft Visual Studio Solution File, Format Version 12.00
# Visual Studio Version 17
VisualStudioVersion = 17.14.36310.24 d17.14
MinimumVisualStudioVersion = 10.0.40219.1
Project("{FAE04EC0-301F-11D3-BF4B-00C04F79EFBC}") = "dm113-pedidos", "dm113-pedidos.csproj", "{A33C00E3-400A-4F13-8CBC-62AE974C81BA}"
EndProject
Project("{FAE04EC0-301F-11D3-BF4B-00C04F79EFBC}") = "ClientConsoleApp", "ClientConsoleApp\ClientConsoleApp.csproj", "{D3A79950-C673-40EA-88CD-34DF37F09F3C}"
EndProject
Global
	GlobalSection(SolutionConfigurationPlatforms) = preSolution
		Debug|Any CPU = Debug|Any CPU
		Release|Any CPU = Release|Any CPU
	EndGlobalSection
	GlobalSection(ProjectConfigurationPlatforms) = postSolution
		{A33C00E3-400A-4F13-8CBC-62AE974C81BA}.Debug|Any CPU.ActiveCfg = Debug|Any CPU
		{A33C00E3-400A-4F13-8CBC-62AE974C81BA}.Debug|Any CPU.Build.0 = Debug|Any CPU
		{A33C00E3-400A-4F13-8CBC-62AE974C81BA}.Release|Any CPU.ActiveCfg = Release|Any CPU
		{A33C00E3-400A-4F13-8CBC-62AE974C81BA}.Release|Any CPU.Build.0 = Release|Any CPU
		{D3A79950-C673-40EA-88CD-34DF37F09F3C}.Debug|Any CPU.ActiveCfg = Debug|Any CPU
		{D3A79950-C673-40EA-88CD-34DF37F09F3C}.Debug|Any CPU.Build.0 = Debug|Any CPU
		{D3A79950-C673-40EA-88CD-34DF37F09F3C}.Release|Any CPU.ActiveCfg = Release|Any CPU
		{D3A79950-C673-40EA-88CD-34DF37F09F3C}.Release|Any CPU.Build.0 = Release|Any CPU
	EndGlobalSection
	GlobalSection(SolutionProperties) = preSolution
		HideSolutionNode = FALSE
	EndGlobalSection
	GlobalSection(ExtensibilityGlobals) = postSolution
		SolutionGuid = {857E33C8-1605-495C-A9A9-714F5D891A51}
	EndGlobalSection
EndGlobal
